
Microsoft Visual Studio Solution File, Format Version 12.00
# Visual Studio Version 17
VisualStudioVersion = 17.0.32126.317
MinimumVisualStudioVersion = 10.0.40219.1
Project("{9A19103F-16F7-4668-BE54-9A1E7A4F7556}") = "A.Blockchain.API", "A.Blockchain.API\A.Blockchain.API.csproj", "{7299331F-21CC-4260-892C-DE1058A095FF}"
EndProject
Project("{9A19103F-16F7-4668-BE54-9A1E7A4F7556}") = "A.Blockchain.Service", "A.Blockchain.Service\A.Blockchain.Service.csproj", "{24B6659D-732D-47F6-8B0C-72884D372C34}"
EndProject
Project("{9A19103F-16F7-4668-BE54-9A1E7A4F7556}") = "A.Blockchain.Data", "A.Blockchain.Data\A.Blockchain.Data.csproj", "{376ECB0F-D9B1-4048-89BF-797477933A71}"
EndProject
Project("{9A19103F-16F7-4668-BE54-9A1E7A4F7556}") = "A.Blockchain.Core", "A.Blockchain.Core\A.Blockchain.Core.csproj", "{65E8AF69-980B-4449-84B3-5661AD172D5B}"
EndProject
Project("{9A19103F-16F7-4668-BE54-9A1E7A4F7556}") = "A.Blockchain.Infrastructure", "A.Blockchain.Infrastructure\A.Blockchain.Infrastructure.csproj", "{DE7AD916-8DD1-4220-8311-2833A59E07F3}"
EndProject
Project("{2150E333-8FDC-42A3-9474-1A3956D46DE8}") = "Tests", "Tests", "{7AED3D0B-7886-4B5C-A927-713F7022C46D}"
EndProject
Project("{9A19103F-16F7-4668-BE54-9A1E7A4F7556}") = "A.Blockchain.API.Tests", "A.Blockchain.API.Tests\A.Blockchain.API.Tests.csproj", "{1CD13B01-7F33-445E-B5EC-572AD5AABF53}"
EndProject
Project("{9A19103F-16F7-4668-BE54-9A1E7A4F7556}") = "A.Blockchain.Data.Tests", "A.Blockchain.Data.Tests\A.Blockchain.Data.Tests.csproj", "{0683F061-1599-4D48-838A-5BCAF3A5A210}"
EndProject
Project("{9A19103F-16F7-4668-BE54-9A1E7A4F7556}") = "A.Blockchain.Service.Tests", "A.Blockchain.Service.Tests\A.Blockchain.Service.Tests.csproj", "{EED26C92-2228-44BF-89A5-7E59B36A3E47}"
EndProject
Project("{2150E333-8FDC-42A3-9474-1A3956D46DE8}") = "Database", "Database", "{73A4C641-FF14-4296-BC3A-C4850327862C}"
EndProject
Project("{00D1A9C2-B5F0-4AF3-8072-F6C62B433612}") = "A.Blockchain.SqlDatabase", "A.Blockchain.SqlDatabase\A.Blockchain.SqlDatabase.sqlproj", "{DF18C3ED-4B2D-4F8E-8638-6CECF4562E7D}"
EndProject
Project("{FAE04EC0-301F-11D3-BF4B-00C04F79EFBC}") = "A.Blockchain.Miner", "A.Blockchain.Miner\A.Blockchain.Miner.csproj", "{13BA9380-009F-4A62-A6B8-F9D7E7D3561B}"
EndProject
Project("{2150E333-8FDC-42A3-9474-1A3956D46DE8}") = "Console", "Console", "{A31E4AD4-8D91-4F90-A803-98D675463696}"
EndProject
Global
	GlobalSection(SolutionConfigurationPlatforms) = preSolution
		Debug|Any CPU = Debug|Any CPU
		Release|Any CPU = Release|Any CPU
	EndGlobalSection
	GlobalSection(ProjectConfigurationPlatforms) = postSolution
		{7299331F-21CC-4260-892C-DE1058A095FF}.Debug|Any CPU.ActiveCfg = Debug|Any CPU
		{7299331F-21CC-4260-892C-DE1058A095FF}.Debug|Any CPU.Build.0 = Debug|Any CPU
		{7299331F-21CC-4260-892C-DE1058A095FF}.Release|Any CPU.ActiveCfg = Release|Any CPU
		{7299331F-21CC-4260-892C-DE1058A095FF}.Release|Any CPU.Build.0 = Release|Any CPU
		{24B6659D-732D-47F6-8B0C-72884D372C34}.Debug|Any CPU.ActiveCfg = Debug|Any CPU
		{24B6659D-732D-47F6-8B0C-72884D372C34}.Debug|Any CPU.Build.0 = Debug|Any CPU
		{24B6659D-732D-47F6-8B0C-72884D372C34}.Release|Any CPU.ActiveCfg = Release|Any CPU
		{24B6659D-732D-47F6-8B0C-72884D372C34}.Release|Any CPU.Build.0 = Release|Any CPU
		{376ECB0F-D9B1-4048-89BF-797477933A71}.Debug|Any CPU.ActiveCfg = Debug|Any CPU
		{376ECB0F-D9B1-4048-89BF-797477933A71}.Debug|Any CPU.Build.0 = Debug|Any CPU
		{376ECB0F-D9B1-4048-89BF-797477933A71}.Release|Any CPU.ActiveCfg = Release|Any CPU
		{376ECB0F-D9B1-4048-89BF-797477933A71}.Release|Any CPU.Build.0 = Release|Any CPU
		{65E8AF69-980B-4449-84B3-5661AD172D5B}.Debug|Any CPU.ActiveCfg = Debug|Any CPU
		{65E8AF69-980B-4449-84B3-5661AD172D5B}.Debug|Any CPU.Build.0 = Debug|Any CPU
		{65E8AF69-980B-4449-84B3-5661AD172D5B}.Release|Any CPU.ActiveCfg = Release|Any CPU
		{65E8AF69-980B-4449-84B3-5661AD172D5B}.Release|Any CPU.Build.0 = Release|Any CPU
		{DE7AD916-8DD1-4220-8311-2833A59E07F3}.Debug|Any CPU.ActiveCfg = Debug|Any CPU
		{DE7AD916-8DD1-4220-8311-2833A59E07F3}.Debug|Any CPU.Build.0 = Debug|Any CPU
		{DE7AD916-8DD1-4220-8311-2833A59E07F3}.Release|Any CPU.ActiveCfg = Release|Any CPU
		{DE7AD916-8DD1-4220-8311-2833A59E07F3}.Release|Any CPU.Build.0 = Release|Any CPU
		{1CD13B01-7F33-445E-B5EC-572AD5AABF53}.Debug|Any CPU.ActiveCfg = Debug|Any CPU
		{1CD13B01-7F33-445E-B5EC-572AD5AABF53}.Debug|Any CPU.Build.0 = Debug|Any CPU
		{1CD13B01-7F33-445E-B5EC-572AD5AABF53}.Release|Any CPU.ActiveCfg = Release|Any CPU
		{1CD13B01-7F33-445E-B5EC-572AD5AABF53}.Release|Any CPU.Build.0 = Release|Any CPU
		{0683F061-1599-4D48-838A-5BCAF3A5A210}.Debug|Any CPU.ActiveCfg = Debug|Any CPU
		{0683F061-1599-4D48-838A-5BCAF3A5A210}.Debug|Any CPU.Build.0 = Debug|Any CPU
		{0683F061-1599-4D48-838A-5BCAF3A5A210}.Release|Any CPU.ActiveCfg = Release|Any CPU
		{0683F061-1599-4D48-838A-5BCAF3A5A210}.Release|Any CPU.Build.0 = Release|Any CPU
		{EED26C92-2228-44BF-89A5-7E59B36A3E47}.Debug|Any CPU.ActiveCfg = Debug|Any CPU
		{EED26C92-2228-44BF-89A5-7E59B36A3E47}.Debug|Any CPU.Build.0 = Debug|Any CPU
		{EED26C92-2228-44BF-89A5-7E59B36A3E47}.Release|Any CPU.ActiveCfg = Release|Any CPU
		{EED26C92-2228-44BF-89A5-7E59B36A3E47}.Release|Any CPU.Build.0 = Release|Any CPU
		{DF18C3ED-4B2D-4F8E-8638-6CECF4562E7D}.Debug|Any CPU.ActiveCfg = Debug|Any CPU
		{DF18C3ED-4B2D-4F8E-8638-6CECF4562E7D}.Debug|Any CPU.Build.0 = Debug|Any CPU
		{DF18C3ED-4B2D-4F8E-8638-6CECF4562E7D}.Debug|Any CPU.Deploy.0 = Debug|Any CPU
		{DF18C3ED-4B2D-4F8E-8638-6CECF4562E7D}.Release|Any CPU.ActiveCfg = Release|Any CPU
		{DF18C3ED-4B2D-4F8E-8638-6CECF4562E7D}.Release|Any CPU.Build.0 = Release|Any CPU
		{DF18C3ED-4B2D-4F8E-8638-6CECF4562E7D}.Release|Any CPU.Deploy.0 = Release|Any CPU
		{13BA9380-009F-4A62-A6B8-F9D7E7D3561B}.Debug|Any CPU.ActiveCfg = Debug|Any CPU
		{13BA9380-009F-4A62-A6B8-F9D7E7D3561B}.Debug|Any CPU.Build.0 = Debug|Any CPU
		{13BA9380-009F-4A62-A6B8-F9D7E7D3561B}.Release|Any CPU.ActiveCfg = Release|Any CPU
		{13BA9380-009F-4A62-A6B8-F9D7E7D3561B}.Release|Any CPU.Build.0 = Release|Any CPU
	EndGlobalSection
	GlobalSection(SolutionProperties) = preSolution
		HideSolutionNode = FALSE
	EndGlobalSection
	GlobalSection(NestedProjects) = preSolution
		{1CD13B01-7F33-445E-B5EC-572AD5AABF53} = {7AED3D0B-7886-4B5C-A927-713F7022C46D}
		{0683F061-1599-4D48-838A-5BCAF3A5A210} = {7AED3D0B-7886-4B5C-A927-713F7022C46D}
		{EED26C92-2228-44BF-89A5-7E59B36A3E47} = {7AED3D0B-7886-4B5C-A927-713F7022C46D}
		{DF18C3ED-4B2D-4F8E-8638-6CECF4562E7D} = {73A4C641-FF14-4296-BC3A-C4850327862C}
		{13BA9380-009F-4A62-A6B8-F9D7E7D3561B} = {A31E4AD4-8D91-4F90-A803-98D675463696}
	EndGlobalSection
	GlobalSection(ExtensibilityGlobals) = postSolution
		SolutionGuid = {33085BBF-E993-4070-B29E-60AB6F10B47D}
	EndGlobalSection
EndGlobal
