
Microsoft Visual Studio Solution File, Format Version 12.00
# Visual Studio Version 17
VisualStudioVersion = 17.0.32126.317
MinimumVisualStudioVersion = 10.0.40219.1
Project("{9A19103F-16F7-4668-BE54-9A1E7A4F7556}") = "A.Blockchain.API", "A.Blockchain.API\A.Blockchain.API.csproj", "{7299331F-21CC-4260-892C-DE1058A095FF}"
EndProject
Project("{FAE04EC0-301F-11D3-BF4B-00C04F79EFBC}") = "A.Blockchain.Service", "A.Blockchain.Service\A.Blockchain.Service.csproj", "{24B6659D-732D-47F6-8B0C-72884D372C34}"
EndProject
Project("{FAE04EC0-301F-11D3-BF4B-00C04F79EFBC}") = "A.Blockchain.Data", "A.Blockchain.Data\A.Blockchain.Data.csproj", "{376ECB0F-D9B1-4048-89BF-797477933A71}"
EndProject
Global
	GlobalSection(SolutionConfigurationPlatforms) = preSolution
		Debug|Any CPU = Debug|Any CPU
		Release|Any CPU = Release|Any CPU
	EndGlobalSection
	GlobalSection(ProjectConfigurationPlatforms) = postSolution
		{7299331F-21CC-4260-892C-DE1058A095FF}.Debug|Any CPU.ActiveCfg = Debug|Any CPU
		{7299331F-21CC-4260-892C-DE1058A095FF}.Debug|Any CPU.Build.0 = Debug|Any CPU
		{7299331F-21CC-4260-892C-DE1058A095FF}.Release|Any CPU.ActiveCfg = Release|Any CPU
		{7299331F-21CC-4260-892C-DE1058A095FF}.Release|Any CPU.Build.0 = Release|Any CPU
		{24B6659D-732D-47F6-8B0C-72884D372C34}.Debug|Any CPU.ActiveCfg = Debug|Any CPU
		{24B6659D-732D-47F6-8B0C-72884D372C34}.Debug|Any CPU.Build.0 = Debug|Any CPU
		{24B6659D-732D-47F6-8B0C-72884D372C34}.Release|Any CPU.ActiveCfg = Release|Any CPU
		{24B6659D-732D-47F6-8B0C-72884D372C34}.Release|Any CPU.Build.0 = Release|Any CPU
		{376ECB0F-D9B1-4048-89BF-797477933A71}.Debug|Any CPU.ActiveCfg = Debug|Any CPU
		{376ECB0F-D9B1-4048-89BF-797477933A71}.Debug|Any CPU.Build.0 = Debug|Any CPU
		{376ECB0F-D9B1-4048-89BF-797477933A71}.Release|Any CPU.ActiveCfg = Release|Any CPU
		{376ECB0F-D9B1-4048-89BF-797477933A71}.Release|Any CPU.Build.0 = Release|Any CPU
	EndGlobalSection
	GlobalSection(SolutionProperties) = preSolution
		HideSolutionNode = FALSE
	EndGlobalSection
	GlobalSection(ExtensibilityGlobals) = postSolution
		SolutionGuid = {33085BBF-E993-4070-B29E-60AB6F10B47D}
	EndGlobalSection
EndGlobal
